
Microsoft Visual Studio Solution File, Format Version 12.00
# Visual Studio Version 17
VisualStudioVersion = 17.1.32414.318
MinimumVisualStudioVersion = 10.0.40219.1
Project("{9A19103F-16F7-4668-BE54-9A1E7A4F7556}") = "Apoio", "Apoio\Apoio.csproj", "{87BD64C3-223A-4239-AEC4-9408E754545C}"
EndProject
Project("{2150E333-8FDC-42A3-9474-1A3956D46DE8}") = "testes", "testes", "{33838971-BBEB-4DE8-93A0-EA2F99A307D5}"
EndProject
Project("{9A19103F-16F7-4668-BE54-9A1E7A4F7556}") = "Apoio.Testes", "Apoio.Testes\Apoio.Testes.csproj", "{38238E00-A952-429E-8478-A746A8B98CF3}"
EndProject
Global
	GlobalSection(SolutionConfigurationPlatforms) = preSolution
		Debug|Any CPU = Debug|Any CPU
		Release|Any CPU = Release|Any CPU
	EndGlobalSection
	GlobalSection(ProjectConfigurationPlatforms) = postSolution
		{87BD64C3-223A-4239-AEC4-9408E754545C}.Debug|Any CPU.ActiveCfg = Debug|Any CPU
		{87BD64C3-223A-4239-AEC4-9408E754545C}.Debug|Any CPU.Build.0 = Debug|Any CPU
		{87BD64C3-223A-4239-AEC4-9408E754545C}.Release|Any CPU.ActiveCfg = Release|Any CPU
		{87BD64C3-223A-4239-AEC4-9408E754545C}.Release|Any CPU.Build.0 = Release|Any CPU
		{38238E00-A952-429E-8478-A746A8B98CF3}.Debug|Any CPU.ActiveCfg = Debug|Any CPU
		{38238E00-A952-429E-8478-A746A8B98CF3}.Debug|Any CPU.Build.0 = Debug|Any CPU
		{38238E00-A952-429E-8478-A746A8B98CF3}.Release|Any CPU.ActiveCfg = Release|Any CPU
		{38238E00-A952-429E-8478-A746A8B98CF3}.Release|Any CPU.Build.0 = Release|Any CPU
	EndGlobalSection
	GlobalSection(SolutionProperties) = preSolution
		HideSolutionNode = FALSE
	EndGlobalSection
	GlobalSection(NestedProjects) = preSolution
		{38238E00-A952-429E-8478-A746A8B98CF3} = {33838971-BBEB-4DE8-93A0-EA2F99A307D5}
	EndGlobalSection
	GlobalSection(ExtensibilityGlobals) = postSolution
		SolutionGuid = {2D14B586-2731-4312-B6CD-1769D519BD08}
	EndGlobalSection
EndGlobal
